{
  "name": "crontext",
  "version": "0.0.0",
  "lockfileVersion": 2,
  "requires": true,
  "packages": {
    "": {
      "name": "crontext",
      "version": "0.0.0",
      "license": "ISC"
    },
    "../objectra": {
      "version": "alpha2.0.0",
      "extraneous": true,
      "license": "ISC",
      "devDependencies": {
        "@types/jest": "^27.0.3",
        "jest": "^27.3.1",
        "ts-jest": "^27.0.7",
        "ts-node-dev": "^1.1.8"
      }
    }
  }
}
